
Microsoft Visual Studio Solution File, Format Version 12.00
# Visual Studio Version 16
VisualStudioVersion = 16.0.31025.194
MinimumVisualStudioVersion = 10.0.40219.1
Project("{9A19103F-16F7-4668-BE54-9A1E7A4F7556}") = "Framework", "Framework\Framework.csproj", "{E6BBFF7A-7E59-4667-8947-126FD54ABFCB}"
EndProject
Project("{2150E333-8FDC-42A3-9474-1A3956D46DE8}") = "ShopManagement", "ShopManagement", "{431F1A08-FCC6-4F1E-A5C3-7BD523CC3E66}"
EndProject
Project("{2150E333-8FDC-42A3-9474-1A3956D46DE8}") = "SM.Domain", "SM.Domain", "{DEC7FEC4-5E63-46B3-BB68-EB1D8C33736F}"
EndProject
Project("{9A19103F-16F7-4668-BE54-9A1E7A4F7556}") = "ShopManagement.Domain", "ShopManagement.Domain\ShopManagement.Domain.csproj", "{094E7721-7AEB-4B98-B13F-F7F43EF1984F}"
EndProject
Project("{2150E333-8FDC-42A3-9474-1A3956D46DE8}") = "SM.Application", "SM.Application", "{7DA385FD-221D-4DAE-8F7C-969EFDAFCB9F}"
EndProject
Project("{9A19103F-16F7-4668-BE54-9A1E7A4F7556}") = "ShopManagement.Application.Contracts", "ShopManagement.Application.Contracts\ShopManagement.Application.Contracts.csproj", "{2B7507BF-CBC8-456F-9E06-36A87616DF6F}"
EndProject
Project("{9A19103F-16F7-4668-BE54-9A1E7A4F7556}") = "SM.Application", "SM.Application\SM.Application.csproj", "{D39769B8-EB1E-4CB2-97E8-051E87E5A354}"
EndProject
Project("{2150E333-8FDC-42A3-9474-1A3956D46DE8}") = "SM.Infrastructure", "SM.Infrastructure", "{F408E048-E941-41B3-B3DF-8698C203BD8E}"
EndProject
Project("{9A19103F-16F7-4668-BE54-9A1E7A4F7556}") = "ShopManagement.Infrastructure.EfCore", "ShopManagement.Infrastructure.EfCore\ShopManagement.Infrastructure.EfCore.csproj", "{9A96E745-0988-43D2-9843-3D0CA57EEDC2}"
EndProject
Project("{9A19103F-16F7-4668-BE54-9A1E7A4F7556}") = "ShopManagement.Infrastructure.Configuration", "ShopManagement.Infrastructure.Configuration\ShopManagement.Infrastructure.Configuration.csproj", "{D23ED388-FF5D-485B-A146-F40B32F3AA9C}"
EndProject
Project("{9A19103F-16F7-4668-BE54-9A1E7A4F7556}") = "ServiceHost", "ServiceHost\ServiceHost.csproj", "{DB9E1F0C-A369-4947-9E3F-E68287474F97}"
EndProject
Project("{9A19103F-16F7-4668-BE54-9A1E7A4F7556}") = "LampshadeQuery", "LampshadeQuery\LampshadeQuery.csproj", "{AB333784-1D9D-4574-BC2E-4151088894D3}"
EndProject
Project("{2150E333-8FDC-42A3-9474-1A3956D46DE8}") = "DiscountManagment", "DiscountManagment", "{457BCCD0-75CD-47D5-8A0B-4442E00CED0A}"
EndProject
Project("{2150E333-8FDC-42A3-9474-1A3956D46DE8}") = "DM.Domain", "DM.Domain", "{67CD1E9E-7368-4437-9D83-10309E08850A}"
EndProject
Project("{9A19103F-16F7-4668-BE54-9A1E7A4F7556}") = "DiscountManagement.Domain", "DiscountManagment.Domain\DiscountManagement.Domain.csproj", "{AB6422D9-DA28-4DBC-97D9-5089C20CB247}"
EndProject
Project("{2150E333-8FDC-42A3-9474-1A3956D46DE8}") = "DM.Application", "DM.Application", "{1561AAA1-68F8-46FA-AEC5-50327A2AE6C4}"
EndProject
Project("{9A19103F-16F7-4668-BE54-9A1E7A4F7556}") = "DiscountManagement.Application.Contract", "DiscountManagement.Application.Contract\DiscountManagement.Application.Contract.csproj", "{13A22898-C46D-414A-9E9B-397F6880B1C6}"
EndProject
Project("{9A19103F-16F7-4668-BE54-9A1E7A4F7556}") = "DiscountManagement.Application", "DiscountManagement.Application\DiscountManagement.Application.csproj", "{1946D926-A83F-4518-8057-C24C73C3CC78}"
EndProject
Project("{2150E333-8FDC-42A3-9474-1A3956D46DE8}") = "DM.Infrastructure", "DM.Infrastructure", "{513326BF-5B42-4A37-ABD1-EA91F46DEE38}"
EndProject
Project("{9A19103F-16F7-4668-BE54-9A1E7A4F7556}") = "DiscountManagement.Infrastructure.EfCore", "DiscountManagement.Infrastructure.EfCore\DiscountManagement.Infrastructure.EfCore.csproj", "{BCAF1D36-38FB-452E-88D4-6C5D33ACB73D}"
EndProject
Project("{9A19103F-16F7-4668-BE54-9A1E7A4F7556}") = "DiscountManagement.Infrastructure.Configuration", "DiscountManagement.Infrastructure.Configuration\DiscountManagement.Infrastructure.Configuration.csproj", "{593ACC78-7633-485B-96CF-353FCB9ABDE6}"
EndProject
Project("{2150E333-8FDC-42A3-9474-1A3956D46DE8}") = "InventoryManagement", "InventoryManagement", "{06495D41-71B9-4895-AAA0-DAC97A148220}"
EndProject
Project("{2150E333-8FDC-42A3-9474-1A3956D46DE8}") = "IM.Domain", "IM.Domain", "{123BF4E5-F0D9-4948-8342-ACCBE39F4D5E}"
EndProject
Project("{9A19103F-16F7-4668-BE54-9A1E7A4F7556}") = "InventoryManagement.Domain", "InventoryManagement.Domain\InventoryManagement.Domain.csproj", "{DCFB6565-4E0C-466F-9BFF-9937C02EEB5D}"
EndProject
Project("{2150E333-8FDC-42A3-9474-1A3956D46DE8}") = "IM.Application", "IM.Application", "{7B7468FA-1305-4230-B86B-0AFA391E0617}"
EndProject
Project("{9A19103F-16F7-4668-BE54-9A1E7A4F7556}") = "InventoryManagement.Application.Contract", "InventoryManagement.Application.Contract\InventoryManagement.Application.Contract.csproj", "{6F09943D-DDF2-44CC-BE7F-304A01E778E1}"
EndProject
Project("{2150E333-8FDC-42A3-9474-1A3956D46DE8}") = "IM.Infrastructure", "IM.Infrastructure", "{F2572B8F-05F9-497B-9E32-F116B096130B}"
EndProject
Project("{9A19103F-16F7-4668-BE54-9A1E7A4F7556}") = "InventoryManagement.Infrastructure.EfCore", "InventoryManagement.Infrastructure.EfCore\InventoryManagement.Infrastructure.EfCore.csproj", "{E099BAAA-37DA-4544-AFEE-ACAE19D30B24}"
EndProject
Project("{9A19103F-16F7-4668-BE54-9A1E7A4F7556}") = "InventoryManagement.Infrastructure.Configuration", "InventoryManagement.Infrastructure.Configuration\InventoryManagement.Infrastructure.Configuration.csproj", "{916BD0A2-A82B-48F7-8BC2-0CC9E7FCDAF4}"
EndProject
Project("{9A19103F-16F7-4668-BE54-9A1E7A4F7556}") = "InventoryManagement.Application", "InventoryManagement.Application\InventoryManagement.Application.csproj", "{1C5865E4-B563-4889-A220-88784CE1D792}"
EndProject
Project("{2150E333-8FDC-42A3-9474-1A3956D46DE8}") = "BlogManagement", "BlogManagement", "{FB7C5F8E-4123-4235-B03C-B59D156E5339}"
EndProject
Project("{2150E333-8FDC-42A3-9474-1A3956D46DE8}") = "BM.Domain", "BM.Domain", "{085C9462-D665-4757-A135-143FAB17D31E}"
EndProject
Project("{9A19103F-16F7-4668-BE54-9A1E7A4F7556}") = "BlogManagement.Domain", "BlogManagement.Domain\BlogManagement.Domain.csproj", "{6B93B276-6EEA-475F-A423-A92B58650CA4}"
EndProject
Project("{2150E333-8FDC-42A3-9474-1A3956D46DE8}") = "BM.Application", "BM.Application", "{73901E0A-BC1A-4244-A903-EF13E6CA8509}"
EndProject
Project("{9A19103F-16F7-4668-BE54-9A1E7A4F7556}") = "BlogManagement.Application.Contract", "BlogManagement.Application.Contract\BlogManagement.Application.Contract.csproj", "{2B8C1221-E186-429A-956A-7341795A4F0C}"
EndProject
Project("{9A19103F-16F7-4668-BE54-9A1E7A4F7556}") = "BlogManagement.Application", "BlogManagement.Application\BlogManagement.Application.csproj", "{FD694090-6B59-4DED-A55C-5E03415BA827}"
EndProject
Project("{2150E333-8FDC-42A3-9474-1A3956D46DE8}") = "BM.Infrastructure", "BM.Infrastructure", "{02B8DDED-BCEE-4045-B3A3-DE5EBDEAC7C3}"
EndProject
Project("{9A19103F-16F7-4668-BE54-9A1E7A4F7556}") = "BlogManagement.Infrastructure.EfCore", "BlogManagement.Infrastructure.EfCore\BlogManagement.Infrastructure.EfCore.csproj", "{40B540C0-4B32-46CA-A5BC-7E46D66FADD4}"
EndProject
Project("{9A19103F-16F7-4668-BE54-9A1E7A4F7556}") = "BlogManagement.Infrastructure.Configuration", "BlogManagement.Infrastructure.Configuration\BlogManagement.Infrastructure.Configuration.csproj", "{5230137A-659E-45F1-A787-2714F71D02B5}"
EndProject
Project("{2150E333-8FDC-42A3-9474-1A3956D46DE8}") = "CommentManagement", "CommentManagement", "{D9D95960-4249-476A-AF6D-6CBEF31DB876}"
EndProject
Project("{2150E333-8FDC-42A3-9474-1A3956D46DE8}") = "CM.Domain", "CM.Domain", "{B70B6967-9A4A-47DF-907D-CFE636C3023B}"
EndProject
Project("{2150E333-8FDC-42A3-9474-1A3956D46DE8}") = "CM.Application", "CM.Application", "{B8423801-7AF5-4FB6-A6C1-4FE03CC5EAFF}"
EndProject
Project("{2150E333-8FDC-42A3-9474-1A3956D46DE8}") = "CM.Infrastructure", "CM.Infrastructure", "{985AC53F-0745-43D5-A6E0-92F07A02D083}"
EndProject
Project("{9A19103F-16F7-4668-BE54-9A1E7A4F7556}") = "CommentManagement.Domain", "CommentManagement.Domain\CommentManagement.Domain.csproj", "{CB6C0732-E423-4D27-B744-077B6D6B8C7A}"
EndProject
Project("{9A19103F-16F7-4668-BE54-9A1E7A4F7556}") = "CommentManagement.Application.Contract", "CommentManagement.Application.Contract\CommentManagement.Application.Contract.csproj", "{DBC42301-D86F-469F-B863-67CAEA9D257A}"
EndProject
Project("{9A19103F-16F7-4668-BE54-9A1E7A4F7556}") = "CommentManagement.Application", "CommentManagement.Application\CommentManagement.Application.csproj", "{92F351D7-9E95-4470-B293-9496F6E9FF07}"
EndProject
Project("{9A19103F-16F7-4668-BE54-9A1E7A4F7556}") = "CommentManagement.Infrastructure.EfCore", "CommentManagement.Infrastructure.EfCore\CommentManagement.Infrastructure.EfCore.csproj", "{8B37D669-0520-4D9D-A809-27C3D0342CD5}"
EndProject
Project("{9A19103F-16F7-4668-BE54-9A1E7A4F7556}") = "CommentManagement.Infrastructure.Configuration", "CommentManagement.Infrastructure.Configuration\CommentManagement.Infrastructure.Configuration.csproj", "{A9A7498F-8FE4-453A-BAA5-DB402C030767}"
EndProject
Project("{2150E333-8FDC-42A3-9474-1A3956D46DE8}") = "AccountManagement", "AccountManagement", "{9294CD46-8331-4A0A-9864-46F41F1B631F}"
EndProject
Project("{2150E333-8FDC-42A3-9474-1A3956D46DE8}") = "AM.Domain", "AM.Domain", "{71F42409-FED2-4421-8E5F-457DF65AC9FC}"
EndProject
Project("{2150E333-8FDC-42A3-9474-1A3956D46DE8}") = "AM.Application", "AM.Application", "{24EEE558-275C-42D3-AB75-BADE826B2D5D}"
EndProject
Project("{2150E333-8FDC-42A3-9474-1A3956D46DE8}") = "AM.Infrastructure", "AM.Infrastructure", "{A846081C-7040-4D1C-9E5D-CD63AF8DE45C}"
EndProject
Project("{FAE04EC0-301F-11D3-BF4B-00C04F79EFBC}") = "AccountManagement.Domain", "AccountManagement.Domain\AccountManagement.Domain.csproj", "{A4CD466D-E6B4-4BB4-BD20-84C6899D3CF9}"
EndProject
Project("{FAE04EC0-301F-11D3-BF4B-00C04F79EFBC}") = "AccountManagement.Application.Contract", "AccountManagement.Application.Contract\AccountManagement.Application.Contract.csproj", "{51EA3182-6254-4AB4-8D69-20B5FD17C7C7}"
EndProject
Project("{FAE04EC0-301F-11D3-BF4B-00C04F79EFBC}") = "AccountManagement.Infrastructure.EfCore", "AccountManagement.Infrastructure.EfCore\AccountManagement.Infrastructure.EfCore.csproj", "{0FD454AB-44E0-4C08-B85B-228F4E91051B}"
EndProject
Project("{FAE04EC0-301F-11D3-BF4B-00C04F79EFBC}") = "AccountManagement.Infrastructure.Configuration", "AccountManagement.Infrastructure.Configuration\AccountManagement.Infrastructure.Configuration.csproj", "{8A20F67B-3B8B-4240-AD21-BD9402A0E7C2}"
EndProject
Project("{FAE04EC0-301F-11D3-BF4B-00C04F79EFBC}") = "AccountManagement.Application", "AccountManagement.Application\AccountManagement.Application.csproj", "{7FB9B5A9-2ED1-4E6D-AB82-370AB9050052}"
EndProject
Global
	GlobalSection(SolutionConfigurationPlatforms) = preSolution
		Debug|Any CPU = Debug|Any CPU
		Release|Any CPU = Release|Any CPU
	EndGlobalSection
	GlobalSection(ProjectConfigurationPlatforms) = postSolution
		{E6BBFF7A-7E59-4667-8947-126FD54ABFCB}.Debug|Any CPU.ActiveCfg = Debug|Any CPU
		{E6BBFF7A-7E59-4667-8947-126FD54ABFCB}.Debug|Any CPU.Build.0 = Debug|Any CPU
		{E6BBFF7A-7E59-4667-8947-126FD54ABFCB}.Release|Any CPU.ActiveCfg = Release|Any CPU
		{E6BBFF7A-7E59-4667-8947-126FD54ABFCB}.Release|Any CPU.Build.0 = Release|Any CPU
		{094E7721-7AEB-4B98-B13F-F7F43EF1984F}.Debug|Any CPU.ActiveCfg = Debug|Any CPU
		{094E7721-7AEB-4B98-B13F-F7F43EF1984F}.Debug|Any CPU.Build.0 = Debug|Any CPU
		{094E7721-7AEB-4B98-B13F-F7F43EF1984F}.Release|Any CPU.ActiveCfg = Release|Any CPU
		{094E7721-7AEB-4B98-B13F-F7F43EF1984F}.Release|Any CPU.Build.0 = Release|Any CPU
		{2B7507BF-CBC8-456F-9E06-36A87616DF6F}.Debug|Any CPU.ActiveCfg = Debug|Any CPU
		{2B7507BF-CBC8-456F-9E06-36A87616DF6F}.Debug|Any CPU.Build.0 = Debug|Any CPU
		{2B7507BF-CBC8-456F-9E06-36A87616DF6F}.Release|Any CPU.ActiveCfg = Release|Any CPU
		{2B7507BF-CBC8-456F-9E06-36A87616DF6F}.Release|Any CPU.Build.0 = Release|Any CPU
		{D39769B8-EB1E-4CB2-97E8-051E87E5A354}.Debug|Any CPU.ActiveCfg = Debug|Any CPU
		{D39769B8-EB1E-4CB2-97E8-051E87E5A354}.Debug|Any CPU.Build.0 = Debug|Any CPU
		{D39769B8-EB1E-4CB2-97E8-051E87E5A354}.Release|Any CPU.ActiveCfg = Release|Any CPU
		{D39769B8-EB1E-4CB2-97E8-051E87E5A354}.Release|Any CPU.Build.0 = Release|Any CPU
		{9A96E745-0988-43D2-9843-3D0CA57EEDC2}.Debug|Any CPU.ActiveCfg = Debug|Any CPU
		{9A96E745-0988-43D2-9843-3D0CA57EEDC2}.Debug|Any CPU.Build.0 = Debug|Any CPU
		{9A96E745-0988-43D2-9843-3D0CA57EEDC2}.Release|Any CPU.ActiveCfg = Release|Any CPU
		{9A96E745-0988-43D2-9843-3D0CA57EEDC2}.Release|Any CPU.Build.0 = Release|Any CPU
		{D23ED388-FF5D-485B-A146-F40B32F3AA9C}.Debug|Any CPU.ActiveCfg = Debug|Any CPU
		{D23ED388-FF5D-485B-A146-F40B32F3AA9C}.Debug|Any CPU.Build.0 = Debug|Any CPU
		{D23ED388-FF5D-485B-A146-F40B32F3AA9C}.Release|Any CPU.ActiveCfg = Release|Any CPU
		{D23ED388-FF5D-485B-A146-F40B32F3AA9C}.Release|Any CPU.Build.0 = Release|Any CPU
		{DB9E1F0C-A369-4947-9E3F-E68287474F97}.Debug|Any CPU.ActiveCfg = Debug|Any CPU
		{DB9E1F0C-A369-4947-9E3F-E68287474F97}.Debug|Any CPU.Build.0 = Debug|Any CPU
		{DB9E1F0C-A369-4947-9E3F-E68287474F97}.Release|Any CPU.ActiveCfg = Release|Any CPU
		{DB9E1F0C-A369-4947-9E3F-E68287474F97}.Release|Any CPU.Build.0 = Release|Any CPU
		{AB333784-1D9D-4574-BC2E-4151088894D3}.Debug|Any CPU.ActiveCfg = Debug|Any CPU
		{AB333784-1D9D-4574-BC2E-4151088894D3}.Debug|Any CPU.Build.0 = Debug|Any CPU
		{AB333784-1D9D-4574-BC2E-4151088894D3}.Release|Any CPU.ActiveCfg = Release|Any CPU
		{AB333784-1D9D-4574-BC2E-4151088894D3}.Release|Any CPU.Build.0 = Release|Any CPU
		{AB6422D9-DA28-4DBC-97D9-5089C20CB247}.Debug|Any CPU.ActiveCfg = Debug|Any CPU
		{AB6422D9-DA28-4DBC-97D9-5089C20CB247}.Debug|Any CPU.Build.0 = Debug|Any CPU
		{AB6422D9-DA28-4DBC-97D9-5089C20CB247}.Release|Any CPU.ActiveCfg = Release|Any CPU
		{AB6422D9-DA28-4DBC-97D9-5089C20CB247}.Release|Any CPU.Build.0 = Release|Any CPU
		{13A22898-C46D-414A-9E9B-397F6880B1C6}.Debug|Any CPU.ActiveCfg = Debug|Any CPU
		{13A22898-C46D-414A-9E9B-397F6880B1C6}.Debug|Any CPU.Build.0 = Debug|Any CPU
		{13A22898-C46D-414A-9E9B-397F6880B1C6}.Release|Any CPU.ActiveCfg = Release|Any CPU
		{13A22898-C46D-414A-9E9B-397F6880B1C6}.Release|Any CPU.Build.0 = Release|Any CPU
		{1946D926-A83F-4518-8057-C24C73C3CC78}.Debug|Any CPU.ActiveCfg = Debug|Any CPU
		{1946D926-A83F-4518-8057-C24C73C3CC78}.Debug|Any CPU.Build.0 = Debug|Any CPU
		{1946D926-A83F-4518-8057-C24C73C3CC78}.Release|Any CPU.ActiveCfg = Release|Any CPU
		{1946D926-A83F-4518-8057-C24C73C3CC78}.Release|Any CPU.Build.0 = Release|Any CPU
		{BCAF1D36-38FB-452E-88D4-6C5D33ACB73D}.Debug|Any CPU.ActiveCfg = Debug|Any CPU
		{BCAF1D36-38FB-452E-88D4-6C5D33ACB73D}.Debug|Any CPU.Build.0 = Debug|Any CPU
		{BCAF1D36-38FB-452E-88D4-6C5D33ACB73D}.Release|Any CPU.ActiveCfg = Release|Any CPU
		{BCAF1D36-38FB-452E-88D4-6C5D33ACB73D}.Release|Any CPU.Build.0 = Release|Any CPU
		{593ACC78-7633-485B-96CF-353FCB9ABDE6}.Debug|Any CPU.ActiveCfg = Debug|Any CPU
		{593ACC78-7633-485B-96CF-353FCB9ABDE6}.Debug|Any CPU.Build.0 = Debug|Any CPU
		{593ACC78-7633-485B-96CF-353FCB9ABDE6}.Release|Any CPU.ActiveCfg = Release|Any CPU
		{593ACC78-7633-485B-96CF-353FCB9ABDE6}.Release|Any CPU.Build.0 = Release|Any CPU
		{DCFB6565-4E0C-466F-9BFF-9937C02EEB5D}.Debug|Any CPU.ActiveCfg = Debug|Any CPU
		{DCFB6565-4E0C-466F-9BFF-9937C02EEB5D}.Debug|Any CPU.Build.0 = Debug|Any CPU
		{DCFB6565-4E0C-466F-9BFF-9937C02EEB5D}.Release|Any CPU.ActiveCfg = Release|Any CPU
		{DCFB6565-4E0C-466F-9BFF-9937C02EEB5D}.Release|Any CPU.Build.0 = Release|Any CPU
		{6F09943D-DDF2-44CC-BE7F-304A01E778E1}.Debug|Any CPU.ActiveCfg = Debug|Any CPU
		{6F09943D-DDF2-44CC-BE7F-304A01E778E1}.Debug|Any CPU.Build.0 = Debug|Any CPU
		{6F09943D-DDF2-44CC-BE7F-304A01E778E1}.Release|Any CPU.ActiveCfg = Release|Any CPU
		{6F09943D-DDF2-44CC-BE7F-304A01E778E1}.Release|Any CPU.Build.0 = Release|Any CPU
		{E099BAAA-37DA-4544-AFEE-ACAE19D30B24}.Debug|Any CPU.ActiveCfg = Debug|Any CPU
		{E099BAAA-37DA-4544-AFEE-ACAE19D30B24}.Debug|Any CPU.Build.0 = Debug|Any CPU
		{E099BAAA-37DA-4544-AFEE-ACAE19D30B24}.Release|Any CPU.ActiveCfg = Release|Any CPU
		{E099BAAA-37DA-4544-AFEE-ACAE19D30B24}.Release|Any CPU.Build.0 = Release|Any CPU
		{916BD0A2-A82B-48F7-8BC2-0CC9E7FCDAF4}.Debug|Any CPU.ActiveCfg = Debug|Any CPU
		{916BD0A2-A82B-48F7-8BC2-0CC9E7FCDAF4}.Debug|Any CPU.Build.0 = Debug|Any CPU
		{916BD0A2-A82B-48F7-8BC2-0CC9E7FCDAF4}.Release|Any CPU.ActiveCfg = Release|Any CPU
		{916BD0A2-A82B-48F7-8BC2-0CC9E7FCDAF4}.Release|Any CPU.Build.0 = Release|Any CPU
		{1C5865E4-B563-4889-A220-88784CE1D792}.Debug|Any CPU.ActiveCfg = Debug|Any CPU
		{1C5865E4-B563-4889-A220-88784CE1D792}.Debug|Any CPU.Build.0 = Debug|Any CPU
		{1C5865E4-B563-4889-A220-88784CE1D792}.Release|Any CPU.ActiveCfg = Release|Any CPU
		{1C5865E4-B563-4889-A220-88784CE1D792}.Release|Any CPU.Build.0 = Release|Any CPU
		{6B93B276-6EEA-475F-A423-A92B58650CA4}.Debug|Any CPU.ActiveCfg = Debug|Any CPU
		{6B93B276-6EEA-475F-A423-A92B58650CA4}.Debug|Any CPU.Build.0 = Debug|Any CPU
		{6B93B276-6EEA-475F-A423-A92B58650CA4}.Release|Any CPU.ActiveCfg = Release|Any CPU
		{6B93B276-6EEA-475F-A423-A92B58650CA4}.Release|Any CPU.Build.0 = Release|Any CPU
		{2B8C1221-E186-429A-956A-7341795A4F0C}.Debug|Any CPU.ActiveCfg = Debug|Any CPU
		{2B8C1221-E186-429A-956A-7341795A4F0C}.Debug|Any CPU.Build.0 = Debug|Any CPU
		{2B8C1221-E186-429A-956A-7341795A4F0C}.Release|Any CPU.ActiveCfg = Release|Any CPU
		{2B8C1221-E186-429A-956A-7341795A4F0C}.Release|Any CPU.Build.0 = Release|Any CPU
		{FD694090-6B59-4DED-A55C-5E03415BA827}.Debug|Any CPU.ActiveCfg = Debug|Any CPU
		{FD694090-6B59-4DED-A55C-5E03415BA827}.Debug|Any CPU.Build.0 = Debug|Any CPU
		{FD694090-6B59-4DED-A55C-5E03415BA827}.Release|Any CPU.ActiveCfg = Release|Any CPU
		{FD694090-6B59-4DED-A55C-5E03415BA827}.Release|Any CPU.Build.0 = Release|Any CPU
		{40B540C0-4B32-46CA-A5BC-7E46D66FADD4}.Debug|Any CPU.ActiveCfg = Debug|Any CPU
		{40B540C0-4B32-46CA-A5BC-7E46D66FADD4}.Debug|Any CPU.Build.0 = Debug|Any CPU
		{40B540C0-4B32-46CA-A5BC-7E46D66FADD4}.Release|Any CPU.ActiveCfg = Release|Any CPU
		{40B540C0-4B32-46CA-A5BC-7E46D66FADD4}.Release|Any CPU.Build.0 = Release|Any CPU
		{5230137A-659E-45F1-A787-2714F71D02B5}.Debug|Any CPU.ActiveCfg = Debug|Any CPU
		{5230137A-659E-45F1-A787-2714F71D02B5}.Debug|Any CPU.Build.0 = Debug|Any CPU
		{5230137A-659E-45F1-A787-2714F71D02B5}.Release|Any CPU.ActiveCfg = Release|Any CPU
		{5230137A-659E-45F1-A787-2714F71D02B5}.Release|Any CPU.Build.0 = Release|Any CPU
		{CB6C0732-E423-4D27-B744-077B6D6B8C7A}.Debug|Any CPU.ActiveCfg = Debug|Any CPU
		{CB6C0732-E423-4D27-B744-077B6D6B8C7A}.Debug|Any CPU.Build.0 = Debug|Any CPU
		{CB6C0732-E423-4D27-B744-077B6D6B8C7A}.Release|Any CPU.ActiveCfg = Release|Any CPU
		{CB6C0732-E423-4D27-B744-077B6D6B8C7A}.Release|Any CPU.Build.0 = Release|Any CPU
		{DBC42301-D86F-469F-B863-67CAEA9D257A}.Debug|Any CPU.ActiveCfg = Debug|Any CPU
		{DBC42301-D86F-469F-B863-67CAEA9D257A}.Debug|Any CPU.Build.0 = Debug|Any CPU
		{DBC42301-D86F-469F-B863-67CAEA9D257A}.Release|Any CPU.ActiveCfg = Release|Any CPU
		{DBC42301-D86F-469F-B863-67CAEA9D257A}.Release|Any CPU.Build.0 = Release|Any CPU
		{92F351D7-9E95-4470-B293-9496F6E9FF07}.Debug|Any CPU.ActiveCfg = Debug|Any CPU
		{92F351D7-9E95-4470-B293-9496F6E9FF07}.Debug|Any CPU.Build.0 = Debug|Any CPU
		{92F351D7-9E95-4470-B293-9496F6E9FF07}.Release|Any CPU.ActiveCfg = Release|Any CPU
		{92F351D7-9E95-4470-B293-9496F6E9FF07}.Release|Any CPU.Build.0 = Release|Any CPU
		{8B37D669-0520-4D9D-A809-27C3D0342CD5}.Debug|Any CPU.ActiveCfg = Debug|Any CPU
		{8B37D669-0520-4D9D-A809-27C3D0342CD5}.Debug|Any CPU.Build.0 = Debug|Any CPU
		{8B37D669-0520-4D9D-A809-27C3D0342CD5}.Release|Any CPU.ActiveCfg = Release|Any CPU
		{8B37D669-0520-4D9D-A809-27C3D0342CD5}.Release|Any CPU.Build.0 = Release|Any CPU
		{A9A7498F-8FE4-453A-BAA5-DB402C030767}.Debug|Any CPU.ActiveCfg = Debug|Any CPU
		{A9A7498F-8FE4-453A-BAA5-DB402C030767}.Debug|Any CPU.Build.0 = Debug|Any CPU
		{A9A7498F-8FE4-453A-BAA5-DB402C030767}.Release|Any CPU.ActiveCfg = Release|Any CPU
		{A9A7498F-8FE4-453A-BAA5-DB402C030767}.Release|Any CPU.Build.0 = Release|Any CPU
		{A4CD466D-E6B4-4BB4-BD20-84C6899D3CF9}.Debug|Any CPU.ActiveCfg = Debug|Any CPU
		{A4CD466D-E6B4-4BB4-BD20-84C6899D3CF9}.Debug|Any CPU.Build.0 = Debug|Any CPU
		{A4CD466D-E6B4-4BB4-BD20-84C6899D3CF9}.Release|Any CPU.ActiveCfg = Release|Any CPU
		{A4CD466D-E6B4-4BB4-BD20-84C6899D3CF9}.Release|Any CPU.Build.0 = Release|Any CPU
		{51EA3182-6254-4AB4-8D69-20B5FD17C7C7}.Debug|Any CPU.ActiveCfg = Debug|Any CPU
		{51EA3182-6254-4AB4-8D69-20B5FD17C7C7}.Debug|Any CPU.Build.0 = Debug|Any CPU
		{51EA3182-6254-4AB4-8D69-20B5FD17C7C7}.Release|Any CPU.ActiveCfg = Release|Any CPU
		{51EA3182-6254-4AB4-8D69-20B5FD17C7C7}.Release|Any CPU.Build.0 = Release|Any CPU
		{0FD454AB-44E0-4C08-B85B-228F4E91051B}.Debug|Any CPU.ActiveCfg = Debug|Any CPU
		{0FD454AB-44E0-4C08-B85B-228F4E91051B}.Debug|Any CPU.Build.0 = Debug|Any CPU
		{0FD454AB-44E0-4C08-B85B-228F4E91051B}.Release|Any CPU.ActiveCfg = Release|Any CPU
		{0FD454AB-44E0-4C08-B85B-228F4E91051B}.Release|Any CPU.Build.0 = Release|Any CPU
		{8A20F67B-3B8B-4240-AD21-BD9402A0E7C2}.Debug|Any CPU.ActiveCfg = Debug|Any CPU
		{8A20F67B-3B8B-4240-AD21-BD9402A0E7C2}.Debug|Any CPU.Build.0 = Debug|Any CPU
		{8A20F67B-3B8B-4240-AD21-BD9402A0E7C2}.Release|Any CPU.ActiveCfg = Release|Any CPU
		{8A20F67B-3B8B-4240-AD21-BD9402A0E7C2}.Release|Any CPU.Build.0 = Release|Any CPU
		{7FB9B5A9-2ED1-4E6D-AB82-370AB9050052}.Debug|Any CPU.ActiveCfg = Debug|Any CPU
		{7FB9B5A9-2ED1-4E6D-AB82-370AB9050052}.Debug|Any CPU.Build.0 = Debug|Any CPU
		{7FB9B5A9-2ED1-4E6D-AB82-370AB9050052}.Release|Any CPU.ActiveCfg = Release|Any CPU
		{7FB9B5A9-2ED1-4E6D-AB82-370AB9050052}.Release|Any CPU.Build.0 = Release|Any CPU
	EndGlobalSection
	GlobalSection(SolutionProperties) = preSolution
		HideSolutionNode = FALSE
	EndGlobalSection
	GlobalSection(NestedProjects) = preSolution
		{DEC7FEC4-5E63-46B3-BB68-EB1D8C33736F} = {431F1A08-FCC6-4F1E-A5C3-7BD523CC3E66}
		{094E7721-7AEB-4B98-B13F-F7F43EF1984F} = {DEC7FEC4-5E63-46B3-BB68-EB1D8C33736F}
		{7DA385FD-221D-4DAE-8F7C-969EFDAFCB9F} = {431F1A08-FCC6-4F1E-A5C3-7BD523CC3E66}
		{2B7507BF-CBC8-456F-9E06-36A87616DF6F} = {7DA385FD-221D-4DAE-8F7C-969EFDAFCB9F}
		{D39769B8-EB1E-4CB2-97E8-051E87E5A354} = {7DA385FD-221D-4DAE-8F7C-969EFDAFCB9F}
		{F408E048-E941-41B3-B3DF-8698C203BD8E} = {431F1A08-FCC6-4F1E-A5C3-7BD523CC3E66}
		{9A96E745-0988-43D2-9843-3D0CA57EEDC2} = {F408E048-E941-41B3-B3DF-8698C203BD8E}
		{D23ED388-FF5D-485B-A146-F40B32F3AA9C} = {F408E048-E941-41B3-B3DF-8698C203BD8E}
		{67CD1E9E-7368-4437-9D83-10309E08850A} = {457BCCD0-75CD-47D5-8A0B-4442E00CED0A}
		{AB6422D9-DA28-4DBC-97D9-5089C20CB247} = {67CD1E9E-7368-4437-9D83-10309E08850A}
		{1561AAA1-68F8-46FA-AEC5-50327A2AE6C4} = {457BCCD0-75CD-47D5-8A0B-4442E00CED0A}
		{13A22898-C46D-414A-9E9B-397F6880B1C6} = {1561AAA1-68F8-46FA-AEC5-50327A2AE6C4}
		{1946D926-A83F-4518-8057-C24C73C3CC78} = {1561AAA1-68F8-46FA-AEC5-50327A2AE6C4}
		{513326BF-5B42-4A37-ABD1-EA91F46DEE38} = {457BCCD0-75CD-47D5-8A0B-4442E00CED0A}
		{BCAF1D36-38FB-452E-88D4-6C5D33ACB73D} = {513326BF-5B42-4A37-ABD1-EA91F46DEE38}
		{593ACC78-7633-485B-96CF-353FCB9ABDE6} = {513326BF-5B42-4A37-ABD1-EA91F46DEE38}
		{123BF4E5-F0D9-4948-8342-ACCBE39F4D5E} = {06495D41-71B9-4895-AAA0-DAC97A148220}
		{DCFB6565-4E0C-466F-9BFF-9937C02EEB5D} = {123BF4E5-F0D9-4948-8342-ACCBE39F4D5E}
		{7B7468FA-1305-4230-B86B-0AFA391E0617} = {06495D41-71B9-4895-AAA0-DAC97A148220}
		{6F09943D-DDF2-44CC-BE7F-304A01E778E1} = {7B7468FA-1305-4230-B86B-0AFA391E0617}
		{F2572B8F-05F9-497B-9E32-F116B096130B} = {06495D41-71B9-4895-AAA0-DAC97A148220}
		{E099BAAA-37DA-4544-AFEE-ACAE19D30B24} = {F2572B8F-05F9-497B-9E32-F116B096130B}
		{916BD0A2-A82B-48F7-8BC2-0CC9E7FCDAF4} = {F2572B8F-05F9-497B-9E32-F116B096130B}
		{1C5865E4-B563-4889-A220-88784CE1D792} = {7B7468FA-1305-4230-B86B-0AFA391E0617}
		{085C9462-D665-4757-A135-143FAB17D31E} = {FB7C5F8E-4123-4235-B03C-B59D156E5339}
		{6B93B276-6EEA-475F-A423-A92B58650CA4} = {085C9462-D665-4757-A135-143FAB17D31E}
		{73901E0A-BC1A-4244-A903-EF13E6CA8509} = {FB7C5F8E-4123-4235-B03C-B59D156E5339}
		{2B8C1221-E186-429A-956A-7341795A4F0C} = {73901E0A-BC1A-4244-A903-EF13E6CA8509}
		{FD694090-6B59-4DED-A55C-5E03415BA827} = {73901E0A-BC1A-4244-A903-EF13E6CA8509}
		{02B8DDED-BCEE-4045-B3A3-DE5EBDEAC7C3} = {FB7C5F8E-4123-4235-B03C-B59D156E5339}
		{40B540C0-4B32-46CA-A5BC-7E46D66FADD4} = {02B8DDED-BCEE-4045-B3A3-DE5EBDEAC7C3}
		{5230137A-659E-45F1-A787-2714F71D02B5} = {02B8DDED-BCEE-4045-B3A3-DE5EBDEAC7C3}
		{B70B6967-9A4A-47DF-907D-CFE636C3023B} = {D9D95960-4249-476A-AF6D-6CBEF31DB876}
		{B8423801-7AF5-4FB6-A6C1-4FE03CC5EAFF} = {D9D95960-4249-476A-AF6D-6CBEF31DB876}
		{985AC53F-0745-43D5-A6E0-92F07A02D083} = {D9D95960-4249-476A-AF6D-6CBEF31DB876}
		{CB6C0732-E423-4D27-B744-077B6D6B8C7A} = {B70B6967-9A4A-47DF-907D-CFE636C3023B}
		{DBC42301-D86F-469F-B863-67CAEA9D257A} = {B8423801-7AF5-4FB6-A6C1-4FE03CC5EAFF}
		{92F351D7-9E95-4470-B293-9496F6E9FF07} = {B8423801-7AF5-4FB6-A6C1-4FE03CC5EAFF}
		{8B37D669-0520-4D9D-A809-27C3D0342CD5} = {985AC53F-0745-43D5-A6E0-92F07A02D083}
		{A9A7498F-8FE4-453A-BAA5-DB402C030767} = {985AC53F-0745-43D5-A6E0-92F07A02D083}
		{71F42409-FED2-4421-8E5F-457DF65AC9FC} = {9294CD46-8331-4A0A-9864-46F41F1B631F}
		{24EEE558-275C-42D3-AB75-BADE826B2D5D} = {9294CD46-8331-4A0A-9864-46F41F1B631F}
		{A846081C-7040-4D1C-9E5D-CD63AF8DE45C} = {9294CD46-8331-4A0A-9864-46F41F1B631F}
		{A4CD466D-E6B4-4BB4-BD20-84C6899D3CF9} = {71F42409-FED2-4421-8E5F-457DF65AC9FC}
		{51EA3182-6254-4AB4-8D69-20B5FD17C7C7} = {24EEE558-275C-42D3-AB75-BADE826B2D5D}
		{0FD454AB-44E0-4C08-B85B-228F4E91051B} = {A846081C-7040-4D1C-9E5D-CD63AF8DE45C}
		{8A20F67B-3B8B-4240-AD21-BD9402A0E7C2} = {A846081C-7040-4D1C-9E5D-CD63AF8DE45C}
		{7FB9B5A9-2ED1-4E6D-AB82-370AB9050052} = {24EEE558-275C-42D3-AB75-BADE826B2D5D}
	EndGlobalSection
	GlobalSection(ExtensibilityGlobals) = postSolution
		SolutionGuid = {62828394-DB94-427C-9725-6B8E2DFE6877}
	EndGlobalSection
EndGlobal
